
Microsoft Visual Studio Solution File, Format Version 12.00
# Visual Studio Version 16
VisualStudioVersion = 16.0.30413.136
MinimumVisualStudioVersion = 10.0.40219.1
Project("{FAE04EC0-301F-11D3-BF4B-00C04F79EFBC}") = "BJSS", "BJSS\BJSS.csproj", "{94C2ED08-0207-4B7E-9B68-94057018B9B7}"
EndProject
Project("{FAE04EC0-301F-11D3-BF4B-00C04F79EFBC}") = "BJSSTests", "BJSSTests\BJSSTests.csproj", "{EAA11998-B2B9-42A1-9C78-8ABD494E71E1}"
EndProject
Global
	GlobalSection(SolutionConfigurationPlatforms) = preSolution
		Debug|Any CPU = Debug|Any CPU
		Release|Any CPU = Release|Any CPU
	EndGlobalSection
	GlobalSection(ProjectConfigurationPlatforms) = postSolution
		{94C2ED08-0207-4B7E-9B68-94057018B9B7}.Debug|Any CPU.ActiveCfg = Debug|Any CPU
		{94C2ED08-0207-4B7E-9B68-94057018B9B7}.Debug|Any CPU.Build.0 = Debug|Any CPU
		{94C2ED08-0207-4B7E-9B68-94057018B9B7}.Release|Any CPU.ActiveCfg = Release|Any CPU
		{94C2ED08-0207-4B7E-9B68-94057018B9B7}.Release|Any CPU.Build.0 = Release|Any CPU
		{EAA11998-B2B9-42A1-9C78-8ABD494E71E1}.Debug|Any CPU.ActiveCfg = Debug|Any CPU
		{EAA11998-B2B9-42A1-9C78-8ABD494E71E1}.Debug|Any CPU.Build.0 = Debug|Any CPU
		{EAA11998-B2B9-42A1-9C78-8ABD494E71E1}.Release|Any CPU.ActiveCfg = Release|Any CPU
		{EAA11998-B2B9-42A1-9C78-8ABD494E71E1}.Release|Any CPU.Build.0 = Release|Any CPU
	EndGlobalSection
	GlobalSection(SolutionProperties) = preSolution
		HideSolutionNode = FALSE
	EndGlobalSection
	GlobalSection(ExtensibilityGlobals) = postSolution
		SolutionGuid = {A0722AE5-56A3-4B2B-9131-7FF9C43D419B}
	EndGlobalSection
EndGlobal
